
Microsoft Visual Studio Solution File, Format Version 12.00
# Visual Studio 14
VisualStudioVersion = 14.0.25420.1
MinimumVisualStudioVersion = 10.0.40219.1
Project("{2150E333-8FDC-42A3-9474-1A3956D46DE8}") = "Solution Items", "Solution Items", "{1EB7F827-D192-4EEE-913C-3CBA17549C32}"
	ProjectSection(SolutionItems) = preProject
		NuGet.Config = NuGet.Config
	EndProjectSection
EndProject
Project("{2150E333-8FDC-42A3-9474-1A3956D46DE8}") = "Test", "Test", "{2667B0E1-912C-47E6-84F0-FD2834D2190C}"
EndProject
Project("{FAE04EC0-301F-11D3-BF4B-00C04F79EFBC}") = "Miruken.Mvc.Tests", "Test\Miruken.Mvc.Tests\Miruken.Mvc.Tests.csproj", "{1831B129-C7C1-4CB5-83F2-05E8039D40D3}"
EndProject
Project("{FAE04EC0-301F-11D3-BF4B-00C04F79EFBC}") = "Miruken.Mvc", "Source\Miruken.Mvc\Miruken.Mvc.csproj", "{531CE161-7133-449D-86F6-60B72CB3047A}"
EndProject
Project("{FAE04EC0-301F-11D3-BF4B-00C04F79EFBC}") = "Miruken.Mvc.Wpf", "Source\Miruken.Mvc.Wpf\Miruken.Mvc.Wpf.csproj", "{657AFCA9-9EB0-48FD-9648-FD9D96D1EF14}"
EndProject
Project("{FAE04EC0-301F-11D3-BF4B-00C04F79EFBC}") = "Miruken.Mvc.Wpf.Tests", "Test\Miruken.Mvc.Wpf.Tests\Miruken.Mvc.Wpf.Tests.csproj", "{A9BE81A0-34CD-46F3-AF78-B4EF6D2D7F30}"
EndProject
Project("{FAE04EC0-301F-11D3-BF4B-00C04F79EFBC}") = "Miruken.Mvc.Wpf.TestApp", "Test\Miruken.Mvc.Wpf.TestApp\Miruken.Mvc.Wpf.TestApp.csproj", "{B1DC30AB-C1A4-4C24-A99A-9F9504EE9FDF}"
EndProject
Project("{FAE04EC0-301F-11D3-BF4B-00C04F79EFBC}") = "ConsoleTestApp", "Source\ConsoleTestApp\ConsoleTestApp.csproj", "{F3EC3486-5403-47B4-A5CA-E482AC51072D}"
EndProject
Project("{FAE04EC0-301F-11D3-BF4B-00C04F79EFBC}") = "MajorLeagueMiruken.Api", "Source\MajorLeagueMiruken.Api\MajorLeagueMiruken.Api.csproj", "{D7E7A3A9-A33A-4A7F-BFA3-B2CA31AE99A8}"
EndProject
Project("{FAE04EC0-301F-11D3-BF4B-00C04F79EFBC}") = "MajorLeagueMiruken.Console", "Source\MajorLeagueMiruken.Console\MajorLeagueMiruken.Console.csproj", "{C718D4FF-8E1F-4BBA-9DE6-2D33A272971B}"
EndProject
Project("{FAE04EC0-301F-11D3-BF4B-00C04F79EFBC}") = "Miruken.Mvc.Console", "Source\Miruken.Mvc.Console\Miruken.Mvc.Console.csproj", "{96930B8D-3CA9-4506-853C-87E974DC546D}"
EndProject
Project("{FAE04EC0-301F-11D3-BF4B-00C04F79EFBC}") = "MajorLeagueMiruken.Api.Test", "Test\MajorLeagueMiruken.Api.Test\MajorLeagueMiruken.Api.Test.csproj", "{0F3468FD-C684-4D5B-A04A-6E09440A0464}"
EndProject
Project("{FAE04EC0-301F-11D3-BF4B-00C04F79EFBC}") = "MajorLeagueMiruken.Console.Test", "Test\MajorLeagueMiruken.Console.Test\MajorLeagueMiruken.Console.Test.csproj", "{A943D278-98DF-42E7-9CF3-41390CBC4FD6}"
EndProject
Project("{FAE04EC0-301F-11D3-BF4B-00C04F79EFBC}") = "Miruken.Mvc.Console.Test", "Test\Miruken.Mvc.Console.Test\Miruken.Mvc.Console.Test.csproj", "{3E97F0D6-2477-4B26-8333-D226444292D2}"
EndProject
Project("{FAE04EC0-301F-11D3-BF4B-00C04F79EFBC}") = "Miruken.Mvc.Castle", "Source\Miruken.Mvc.Castle\Miruken.Mvc.Castle.csproj", "{F9F72245-B193-40BA-A07F-ED3F57AA20F2}"
EndProject
Global
	GlobalSection(SolutionConfigurationPlatforms) = preSolution
		Debug|Any CPU = Debug|Any CPU
		Release|Any CPU = Release|Any CPU
	EndGlobalSection
	GlobalSection(ProjectConfigurationPlatforms) = postSolution
		{1831B129-C7C1-4CB5-83F2-05E8039D40D3}.Debug|Any CPU.ActiveCfg = Debug|Any CPU
		{1831B129-C7C1-4CB5-83F2-05E8039D40D3}.Debug|Any CPU.Build.0 = Debug|Any CPU
		{1831B129-C7C1-4CB5-83F2-05E8039D40D3}.Release|Any CPU.ActiveCfg = Release|Any CPU
		{1831B129-C7C1-4CB5-83F2-05E8039D40D3}.Release|Any CPU.Build.0 = Release|Any CPU
		{531CE161-7133-449D-86F6-60B72CB3047A}.Debug|Any CPU.ActiveCfg = Debug|Any CPU
		{531CE161-7133-449D-86F6-60B72CB3047A}.Debug|Any CPU.Build.0 = Debug|Any CPU
		{531CE161-7133-449D-86F6-60B72CB3047A}.Release|Any CPU.ActiveCfg = Release|Any CPU
		{531CE161-7133-449D-86F6-60B72CB3047A}.Release|Any CPU.Build.0 = Release|Any CPU
		{657AFCA9-9EB0-48FD-9648-FD9D96D1EF14}.Debug|Any CPU.ActiveCfg = Debug|Any CPU
		{657AFCA9-9EB0-48FD-9648-FD9D96D1EF14}.Debug|Any CPU.Build.0 = Debug|Any CPU
		{657AFCA9-9EB0-48FD-9648-FD9D96D1EF14}.Release|Any CPU.ActiveCfg = Release|Any CPU
		{657AFCA9-9EB0-48FD-9648-FD9D96D1EF14}.Release|Any CPU.Build.0 = Release|Any CPU
		{A9BE81A0-34CD-46F3-AF78-B4EF6D2D7F30}.Debug|Any CPU.ActiveCfg = Debug|Any CPU
		{A9BE81A0-34CD-46F3-AF78-B4EF6D2D7F30}.Debug|Any CPU.Build.0 = Debug|Any CPU
		{A9BE81A0-34CD-46F3-AF78-B4EF6D2D7F30}.Release|Any CPU.ActiveCfg = Release|Any CPU
		{A9BE81A0-34CD-46F3-AF78-B4EF6D2D7F30}.Release|Any CPU.Build.0 = Release|Any CPU
		{B1DC30AB-C1A4-4C24-A99A-9F9504EE9FDF}.Debug|Any CPU.ActiveCfg = Debug|Any CPU
		{B1DC30AB-C1A4-4C24-A99A-9F9504EE9FDF}.Debug|Any CPU.Build.0 = Debug|Any CPU
		{B1DC30AB-C1A4-4C24-A99A-9F9504EE9FDF}.Release|Any CPU.ActiveCfg = Release|Any CPU
		{B1DC30AB-C1A4-4C24-A99A-9F9504EE9FDF}.Release|Any CPU.Build.0 = Release|Any CPU
		{F3EC3486-5403-47B4-A5CA-E482AC51072D}.Debug|Any CPU.ActiveCfg = Debug|Any CPU
		{F3EC3486-5403-47B4-A5CA-E482AC51072D}.Debug|Any CPU.Build.0 = Debug|Any CPU
		{F3EC3486-5403-47B4-A5CA-E482AC51072D}.Release|Any CPU.ActiveCfg = Release|Any CPU
		{F3EC3486-5403-47B4-A5CA-E482AC51072D}.Release|Any CPU.Build.0 = Release|Any CPU
		{D7E7A3A9-A33A-4A7F-BFA3-B2CA31AE99A8}.Debug|Any CPU.ActiveCfg = Debug|Any CPU
		{D7E7A3A9-A33A-4A7F-BFA3-B2CA31AE99A8}.Debug|Any CPU.Build.0 = Debug|Any CPU
		{D7E7A3A9-A33A-4A7F-BFA3-B2CA31AE99A8}.Release|Any CPU.ActiveCfg = Release|Any CPU
		{D7E7A3A9-A33A-4A7F-BFA3-B2CA31AE99A8}.Release|Any CPU.Build.0 = Release|Any CPU
		{C718D4FF-8E1F-4BBA-9DE6-2D33A272971B}.Debug|Any CPU.ActiveCfg = Debug|Any CPU
		{C718D4FF-8E1F-4BBA-9DE6-2D33A272971B}.Debug|Any CPU.Build.0 = Debug|Any CPU
		{C718D4FF-8E1F-4BBA-9DE6-2D33A272971B}.Release|Any CPU.ActiveCfg = Release|Any CPU
		{C718D4FF-8E1F-4BBA-9DE6-2D33A272971B}.Release|Any CPU.Build.0 = Release|Any CPU
		{96930B8D-3CA9-4506-853C-87E974DC546D}.Debug|Any CPU.ActiveCfg = Debug|Any CPU
		{96930B8D-3CA9-4506-853C-87E974DC546D}.Debug|Any CPU.Build.0 = Debug|Any CPU
		{96930B8D-3CA9-4506-853C-87E974DC546D}.Release|Any CPU.ActiveCfg = Release|Any CPU
		{96930B8D-3CA9-4506-853C-87E974DC546D}.Release|Any CPU.Build.0 = Release|Any CPU
		{0F3468FD-C684-4D5B-A04A-6E09440A0464}.Debug|Any CPU.ActiveCfg = Debug|Any CPU
		{0F3468FD-C684-4D5B-A04A-6E09440A0464}.Debug|Any CPU.Build.0 = Debug|Any CPU
		{0F3468FD-C684-4D5B-A04A-6E09440A0464}.Release|Any CPU.ActiveCfg = Release|Any CPU
		{0F3468FD-C684-4D5B-A04A-6E09440A0464}.Release|Any CPU.Build.0 = Release|Any CPU
		{A943D278-98DF-42E7-9CF3-41390CBC4FD6}.Debug|Any CPU.ActiveCfg = Debug|Any CPU
		{A943D278-98DF-42E7-9CF3-41390CBC4FD6}.Debug|Any CPU.Build.0 = Debug|Any CPU
		{A943D278-98DF-42E7-9CF3-41390CBC4FD6}.Release|Any CPU.ActiveCfg = Release|Any CPU
		{A943D278-98DF-42E7-9CF3-41390CBC4FD6}.Release|Any CPU.Build.0 = Release|Any CPU
		{3E97F0D6-2477-4B26-8333-D226444292D2}.Debug|Any CPU.ActiveCfg = Debug|Any CPU
		{3E97F0D6-2477-4B26-8333-D226444292D2}.Debug|Any CPU.Build.0 = Debug|Any CPU
		{3E97F0D6-2477-4B26-8333-D226444292D2}.Release|Any CPU.ActiveCfg = Release|Any CPU
		{3E97F0D6-2477-4B26-8333-D226444292D2}.Release|Any CPU.Build.0 = Release|Any CPU
		{F9F72245-B193-40BA-A07F-ED3F57AA20F2}.Debug|Any CPU.ActiveCfg = Debug|Any CPU
		{F9F72245-B193-40BA-A07F-ED3F57AA20F2}.Debug|Any CPU.Build.0 = Debug|Any CPU
		{F9F72245-B193-40BA-A07F-ED3F57AA20F2}.Release|Any CPU.ActiveCfg = Release|Any CPU
		{F9F72245-B193-40BA-A07F-ED3F57AA20F2}.Release|Any CPU.Build.0 = Release|Any CPU
	EndGlobalSection
	GlobalSection(SolutionProperties) = preSolution
		HideSolutionNode = FALSE
	EndGlobalSection
	GlobalSection(NestedProjects) = preSolution
		{1831B129-C7C1-4CB5-83F2-05E8039D40D3} = {2667B0E1-912C-47E6-84F0-FD2834D2190C}
		{A9BE81A0-34CD-46F3-AF78-B4EF6D2D7F30} = {2667B0E1-912C-47E6-84F0-FD2834D2190C}
		{B1DC30AB-C1A4-4C24-A99A-9F9504EE9FDF} = {2667B0E1-912C-47E6-84F0-FD2834D2190C}
		{0F3468FD-C684-4D5B-A04A-6E09440A0464} = {2667B0E1-912C-47E6-84F0-FD2834D2190C}
		{A943D278-98DF-42E7-9CF3-41390CBC4FD6} = {2667B0E1-912C-47E6-84F0-FD2834D2190C}
		{3E97F0D6-2477-4B26-8333-D226444292D2} = {2667B0E1-912C-47E6-84F0-FD2834D2190C}
	EndGlobalSection
EndGlobal
