
Microsoft Visual Studio Solution File, Format Version 12.00
# Visual Studio Version 16
VisualStudioVersion = 16.0.29609.76
MinimumVisualStudioVersion = 10.0.40219.1
Project("{2150E333-8FDC-42A3-9474-1A3956D46DE8}") = "Solution Items", "Solution Items", "{1EB7F827-D192-4EEE-913C-3CBA17549C32}"
	ProjectSection(SolutionItems) = preProject
		NuGet.Config = NuGet.Config
	EndProjectSection
EndProject
Project("{2150E333-8FDC-42A3-9474-1A3956D46DE8}") = "Test", "Test", "{2667B0E1-912C-47E6-84F0-FD2834D2190C}"
EndProject
Project("{9A19103F-16F7-4668-BE54-9A1E7A4F7556}") = "Miruken.Mvc", "Source\Miruken.Mvc\Miruken.Mvc.csproj", "{61ABF357-226A-463C-B493-59CB0B1E3828}"
EndProject
Project("{9A19103F-16F7-4668-BE54-9A1E7A4F7556}") = "Miruken.Mvc.Wpf", "Source\Miruken.Mvc.Wpf\Miruken.Mvc.Wpf.csproj", "{504FEA7D-F409-41F1-AB4A-88010BA26D21}"
EndProject
Project("{9A19103F-16F7-4668-BE54-9A1E7A4F7556}") = "Miruken.Mvc.Tests", "Test\Miruken.Mvc.Tests\Miruken.Mvc.Tests.csproj", "{D250B9F8-D704-4BD1-9049-06507DA5827C}"
EndProject
Project("{9A19103F-16F7-4668-BE54-9A1E7A4F7556}") = "Miruken.Mvc.Wpf.TestApp", "Test\Miruken.Mvc.Wpf.TestApp\Miruken.Mvc.Wpf.TestApp.csproj", "{ED04A63C-DD42-4407-ABF4-B36FB0C8FF88}"
EndProject
Project("{9A19103F-16F7-4668-BE54-9A1E7A4F7556}") = "Miruken.Mvc.Wpf.Tests", "Test\Miruken.Mvc.Wpf.Tests\Miruken.Mvc.Wpf.Tests.csproj", "{759612F0-FE4C-460B-8773-B0B33FA38974}"
EndProject
Global
	GlobalSection(SolutionConfigurationPlatforms) = preSolution
		Debug|Any CPU = Debug|Any CPU
		Release|Any CPU = Release|Any CPU
	EndGlobalSection
	GlobalSection(ProjectConfigurationPlatforms) = postSolution
		{61ABF357-226A-463C-B493-59CB0B1E3828}.Debug|Any CPU.ActiveCfg = Debug|Any CPU
		{61ABF357-226A-463C-B493-59CB0B1E3828}.Debug|Any CPU.Build.0 = Debug|Any CPU
		{61ABF357-226A-463C-B493-59CB0B1E3828}.Release|Any CPU.ActiveCfg = Release|Any CPU
		{61ABF357-226A-463C-B493-59CB0B1E3828}.Release|Any CPU.Build.0 = Release|Any CPU
		{504FEA7D-F409-41F1-AB4A-88010BA26D21}.Debug|Any CPU.ActiveCfg = Debug|Any CPU
		{504FEA7D-F409-41F1-AB4A-88010BA26D21}.Debug|Any CPU.Build.0 = Debug|Any CPU
		{504FEA7D-F409-41F1-AB4A-88010BA26D21}.Release|Any CPU.ActiveCfg = Release|Any CPU
		{504FEA7D-F409-41F1-AB4A-88010BA26D21}.Release|Any CPU.Build.0 = Release|Any CPU
		{D250B9F8-D704-4BD1-9049-06507DA5827C}.Debug|Any CPU.ActiveCfg = Debug|Any CPU
		{D250B9F8-D704-4BD1-9049-06507DA5827C}.Debug|Any CPU.Build.0 = Debug|Any CPU
		{D250B9F8-D704-4BD1-9049-06507DA5827C}.Release|Any CPU.ActiveCfg = Release|Any CPU
		{D250B9F8-D704-4BD1-9049-06507DA5827C}.Release|Any CPU.Build.0 = Release|Any CPU
		{ED04A63C-DD42-4407-ABF4-B36FB0C8FF88}.Debug|Any CPU.ActiveCfg = Debug|Any CPU
		{ED04A63C-DD42-4407-ABF4-B36FB0C8FF88}.Debug|Any CPU.Build.0 = Debug|Any CPU
		{ED04A63C-DD42-4407-ABF4-B36FB0C8FF88}.Release|Any CPU.ActiveCfg = Release|Any CPU
		{ED04A63C-DD42-4407-ABF4-B36FB0C8FF88}.Release|Any CPU.Build.0 = Release|Any CPU
		{759612F0-FE4C-460B-8773-B0B33FA38974}.Debug|Any CPU.ActiveCfg = Debug|Any CPU
		{759612F0-FE4C-460B-8773-B0B33FA38974}.Debug|Any CPU.Build.0 = Debug|Any CPU
		{759612F0-FE4C-460B-8773-B0B33FA38974}.Release|Any CPU.ActiveCfg = Release|Any CPU
		{759612F0-FE4C-460B-8773-B0B33FA38974}.Release|Any CPU.Build.0 = Release|Any CPU
	EndGlobalSection
	GlobalSection(SolutionProperties) = preSolution
		HideSolutionNode = FALSE
	EndGlobalSection
	GlobalSection(NestedProjects) = preSolution
		{D250B9F8-D704-4BD1-9049-06507DA5827C} = {2667B0E1-912C-47E6-84F0-FD2834D2190C}
		{ED04A63C-DD42-4407-ABF4-B36FB0C8FF88} = {2667B0E1-912C-47E6-84F0-FD2834D2190C}
		{759612F0-FE4C-460B-8773-B0B33FA38974} = {2667B0E1-912C-47E6-84F0-FD2834D2190C}
	EndGlobalSection
	GlobalSection(ExtensibilityGlobals) = postSolution
		SolutionGuid = {993567A4-98D0-4C6A-8C9A-DE2941B92B98}
	EndGlobalSection
EndGlobal
